<?xml version="1.0" encoding="utf-8"?>
<Project ToolsVersion="4.0" xmlns="http://schemas.microsoft.com/developer/msbuild/2003">
  <ItemGroup>
    <Filter Include="Source Files">
      <UniqueIdentifier>{4FC737F1-C7A5-4376-A066-2A32D752A2FF}</UniqueIdentifier>
      <Extensions>cpp;c;cc;cxx;def;odl;idl;hpj;bat;asm;asmx</Extensions>
    </Filter>
    <Filter Include="Header Files">
      <UniqueIdentifier>{93995380-89BD-4b04-88EB-625FBE52EBFB}</UniqueIdentifier>
      <Extensions>h;hh;hpp;hxx;hm;inl;inc;ipp;xsd</Extensions>
    </Filter>
    <Filter Include="Data">
      <UniqueIdentifier>{67ba4749-7c10-4df9-95a2-2f8f6e8b484e}</UniqueIdentifier>
    </Filter>
  </ItemGroup>
  <ItemGroup>
    <Text Include="data\npn1.txt">
      <Filter>Data</Filter>
    </Text>
    <Text Include="data\npn2.txt">
      <Filter>Data</Filter>
    </Text>
    <Text Include="data\npn3.txt">
      <Filter>Data</Filter>
    </Text>
    <Text Include="data\npn4.txt">
      <Filter>Data</Filter>
    </Text>
    <Text Include="data\npn5.txt">
      <Filter>Data</Filter>
    </Text>
    <Text Include="notes.txt" />
  </ItemGroup>
  <ItemGroup>
    <ClInclude Include="cube\array_tools.h">
      <Filter>Header Files</Filter>
    </ClInclude>
    <ClInclude Include="cube\bf_tools.h">
      <Filter>Header Files</Filter>
    </ClInclude>
    <ClInclude Include="cube\constants.h">
      <Filter>Header Files</Filter>
    </ClInclude>
    <ClInclude Include="cube\Cube.h">
      <Filter>Header Files</Filter>
    </ClInclude>
    <ClInclude Include="cube\n_cube.h">
      <Filter>Header Files</Filter>
    </ClInclude>
    <ClInclude Include="cube\prime.h">
      <Filter>Header Files</Filter>
    </ClInclude>
    <ClInclude Include="cube\reachable.h">
      <Filter>Header Files</Filter>
    </ClInclude>
    <ClInclude Include="cube\timing.h">
      <Filter>Header Files</Filter>
    </ClInclude>
    <ClInclude Include="cube\CubeI.h">
      <Filter>Header Files</Filter>
    </ClInclude>
    <ClInclude Include="cube\rewrite.h">
      <Filter>Header Files</Filter>
    </ClInclude>
    <ClInclude Include="cube\BF.h">
      <Filter>Header Files</Filter>
    </ClInclude>
    <ClInclude Include="cube\transform.h">
      <Filter>Header Files</Filter>
    </ClInclude>
    <ClInclude Include="cube\reflect.h">
      <Filter>Header Files</Filter>
    </ClInclude>
    <ClInclude Include="cube\rotate.h">
      <Filter>Header Files</Filter>
    </ClInclude>
    <ClInclude Include="cube\Transformations.h">
      <Filter>Header Files</Filter>
    </ClInclude>
  </ItemGroup>
  <ItemGroup>
    <ClCompile Include="Main.cpp">
      <Filter>Source Files</Filter>
    </ClCompile>
  </ItemGroup>
</Project>